
Microsoft Visual Studio Solution File, Format Version 12.00
# Visual Studio Version 17
VisualStudioVersion = 17.0.31903.59
MinimumVisualStudioVersion = 10.0.40219.1
Project("{2150E333-8FDC-42A3-9474-1A3956D46DE8}") = "src", "src", "{B75BEE43-9BB2-49C7-A8DA-C3129956D541}"
EndProject
Project("{FAE04EC0-301F-11D3-BF4B-00C04F79EFBC}") = "LoadSharp", "src\LoadSharp\LoadSharp.csproj", "{15B24DDD-8259-4EC4-86B4-8AFF454E9613}"
EndProject
Project("{FAE04EC0-301F-11D3-BF4B-00C04F79EFBC}") = "LoadSharp.Examples", "src\LoadSharp.Examples\LoadSharp.Examples.csproj", "{7B3D2C38-B31E-4535-A794-0AD5C8EAD858}"
EndProject
Project("{2150E333-8FDC-42A3-9474-1A3956D46DE8}") = "tests", "tests", "{BEBABFB7-9318-453B-AE8F-CACCA9F31E98}"
EndProject
Project("{FAE04EC0-301F-11D3-BF4B-00C04F79EFBC}") = "LoadSharp.Tests", "tests\LoadSharp.Tests\LoadSharp.Tests.csproj", "{BCAECDBE-DA3F-4035-AEA5-ABDA48A5A990}"
EndProject
Project("{2150E333-8FDC-42A3-9474-1A3956D46DE8}") = "tools", "tools", "{C9A29B71-AC70-478A-A21E-9D0F32082797}"
EndProject
Project("{FAE04EC0-301F-11D3-BF4B-00C04F79EFBC}") = "TestReportGenerator", "tools\TestReportGenerator\TestReportGenerator.csproj", "{9EF58463-BCE5-4E98-B99F-D80BD04C0BBE}"
EndProject
Global
	GlobalSection(SolutionConfigurationPlatforms) = preSolution
		Debug|Any CPU = Debug|Any CPU
		Release|Any CPU = Release|Any CPU
	EndGlobalSection
	GlobalSection(SolutionProperties) = preSolution
		HideSolutionNode = FALSE
	EndGlobalSection
	GlobalSection(ProjectConfigurationPlatforms) = postSolution
		{15B24DDD-8259-4EC4-86B4-8AFF454E9613}.Debug|Any CPU.ActiveCfg = Debug|Any CPU
		{15B24DDD-8259-4EC4-86B4-8AFF454E9613}.Debug|Any CPU.Build.0 = Debug|Any CPU
		{15B24DDD-8259-4EC4-86B4-8AFF454E9613}.Release|Any CPU.ActiveCfg = Release|Any CPU
		{15B24DDD-8259-4EC4-86B4-8AFF454E9613}.Release|Any CPU.Build.0 = Release|Any CPU
		{7B3D2C38-B31E-4535-A794-0AD5C8EAD858}.Debug|Any CPU.ActiveCfg = Debug|Any CPU
		{7B3D2C38-B31E-4535-A794-0AD5C8EAD858}.Debug|Any CPU.Build.0 = Debug|Any CPU
		{7B3D2C38-B31E-4535-A794-0AD5C8EAD858}.Release|Any CPU.ActiveCfg = Release|Any CPU
		{7B3D2C38-B31E-4535-A794-0AD5C8EAD858}.Release|Any CPU.Build.0 = Release|Any CPU
		{BCAECDBE-DA3F-4035-AEA5-ABDA48A5A990}.Debug|Any CPU.ActiveCfg = Debug|Any CPU
		{BCAECDBE-DA3F-4035-AEA5-ABDA48A5A990}.Debug|Any CPU.Build.0 = Debug|Any CPU
		{BCAECDBE-DA3F-4035-AEA5-ABDA48A5A990}.Release|Any CPU.ActiveCfg = Release|Any CPU
		{BCAECDBE-DA3F-4035-AEA5-ABDA48A5A990}.Release|Any CPU.Build.0 = Release|Any CPU
		{9EF58463-BCE5-4E98-B99F-D80BD04C0BBE}.Debug|Any CPU.ActiveCfg = Debug|Any CPU
		{9EF58463-BCE5-4E98-B99F-D80BD04C0BBE}.Debug|Any CPU.Build.0 = Debug|Any CPU
		{9EF58463-BCE5-4E98-B99F-D80BD04C0BBE}.Release|Any CPU.ActiveCfg = Release|Any CPU
		{9EF58463-BCE5-4E98-B99F-D80BD04C0BBE}.Release|Any CPU.Build.0 = Release|Any CPU
	EndGlobalSection
	GlobalSection(NestedProjects) = preSolution
		{15B24DDD-8259-4EC4-86B4-8AFF454E9613} = {B75BEE43-9BB2-49C7-A8DA-C3129956D541}
		{7B3D2C38-B31E-4535-A794-0AD5C8EAD858} = {B75BEE43-9BB2-49C7-A8DA-C3129956D541}
		{BCAECDBE-DA3F-4035-AEA5-ABDA48A5A990} = {BEBABFB7-9318-453B-AE8F-CACCA9F31E98}
		{9EF58463-BCE5-4E98-B99F-D80BD04C0BBE} = {C9A29B71-AC70-478A-A21E-9D0F32082797}
	EndGlobalSection
EndGlobal
